// !$*UTF8*$!
{
	archiveVersion = 1;
	classes = {
	};
	objectVersion = 55;
	objects = {

/* Begin PBXBuildFile section */
		2A01DDD0837CCD1E5A17B786 /* Pods_NewsApp.framework in Frameworks */ = {isa = PBXBuildFile; fileRef = B50F83278A2E55C06C3CA81F /* Pods_NewsApp.framework */; };
		4A810F9329717D1200BC1BDF /* URLRequest+Extensions.swift in Sources */ = {isa = PBXBuildFile; fileRef = 4A810F9229717D1200BC1BDF /* URLRequest+Extensions.swift */; };
		4A810F9629717E9000BC1BDF /* Extentions.swift in Sources */ = {isa = PBXBuildFile; fileRef = 4A810F9529717E9000BC1BDF /* Extentions.swift */; };
		4A810F9929717F2900BC1BDF /* NewsViewController.swift in Sources */ = {isa = PBXBuildFile; fileRef = 4A810F9829717F2900BC1BDF /* NewsViewController.swift */; };
		4A810F9E2971805C00BC1BDF /* ArticleViewModel.swift in Sources */ = {isa = PBXBuildFile; fileRef = 4A810F9D2971805C00BC1BDF /* ArticleViewModel.swift */; };
		4A810FA12971825F00BC1BDF /* ArticleTableViewCell.swift in Sources */ = {isa = PBXBuildFile; fileRef = 4A810FA02971825F00BC1BDF /* ArticleTableViewCell.swift */; };
		4A810FA62972688700BC1BDF /* DetailNewsViewController.swift in Sources */ = {isa = PBXBuildFile; fileRef = 4A810FA52972688700BC1BDF /* DetailNewsViewController.swift */; };
		4AC2D5B829717B860058C360 /* AppDelegate.swift in Sources */ = {isa = PBXBuildFile; fileRef = 4AC2D5B729717B860058C360 /* AppDelegate.swift */; };
		4AC2D5BA29717B860058C360 /* SceneDelegate.swift in Sources */ = {isa = PBXBuildFile; fileRef = 4AC2D5B929717B860058C360 /* SceneDelegate.swift */; };
		4AC2D5C129717B870058C360 /* Assets.xcassets in Resources */ = {isa = PBXBuildFile; fileRef = 4AC2D5C029717B870058C360 /* Assets.xcassets */; };
		4AC2D5C429717B870058C360 /* LaunchScreen.storyboard in Resources */ = {isa = PBXBuildFile; fileRef = 4AC2D5C229717B870058C360 /* LaunchScreen.storyboard */; };
		4AC2D5CD29717BC30058C360 /* Article.swift in Sources */ = {isa = PBXBuildFile; fileRef = 4AC2D5CC29717BC30058C360 /* Article.swift */; };
/* End PBXBuildFile section */

/* Begin PBXFileReference section */
		226F48B73878BD26400DED6B /* Pods-NewsApp.release.xcconfig */ = {isa = PBXFileReference; includeInIndex = 1; lastKnownFileType = text.xcconfig; name = "Pods-NewsApp.release.xcconfig"; path = "Target Support Files/Pods-NewsApp/Pods-NewsApp.release.xcconfig"; sourceTree = "<group>"; };
		2E22E174556D3E1E97145F23 /* Pods-NewsApp.debug.xcconfig */ = {isa = PBXFileReference; includeInIndex = 1; lastKnownFileType = text.xcconfig; name = "Pods-NewsApp.debug.xcconfig"; path = "Target Support Files/Pods-NewsApp/Pods-NewsApp.debug.xcconfig"; sourceTree = "<group>"; };
		4A810F9229717D1200BC1BDF /* URLRequest+Extensions.swift */ = {isa = PBXFileReference; lastKnownFileType = sourcecode.swift; path = "URLRequest+Extensions.swift"; sourceTree = "<group>"; };
		4A810F9529717E9000BC1BDF /* Extentions.swift */ = {isa = PBXFileReference; lastKnownFileType = sourcecode.swift; path = Extentions.swift; sourceTree = "<group>"; };
		4A810F9829717F2900BC1BDF /* NewsViewController.swift */ = {isa = PBXFileReference; lastKnownFileType = sourcecode.swift; path = NewsViewController.swift; sourceTree = "<group>"; };
		4A810F9D2971805C00BC1BDF /* ArticleViewModel.swift */ = {isa = PBXFileReference; lastKnownFileType = sourcecode.swift; path = ArticleViewModel.swift; sourceTree = "<group>"; };
		4A810FA02971825F00BC1BDF /* ArticleTableViewCell.swift */ = {isa = PBXFileReference; lastKnownFileType = sourcecode.swift; path = ArticleTableViewCell.swift; sourceTree = "<group>"; };
		4A810FA52972688700BC1BDF /* DetailNewsViewController.swift */ = {isa = PBXFileReference; lastKnownFileType = sourcecode.swift; path = DetailNewsViewController.swift; sourceTree = "<group>"; };
		4AC2D5B429717B860058C360 /* NewsApp.app */ = {isa = PBXFileReference; explicitFileType = wrapper.application; includeInIndex = 0; path = NewsApp.app; sourceTree = BUILT_PRODUCTS_DIR; };
		4AC2D5B729717B860058C360 /* AppDelegate.swift */ = {isa = PBXFileReference; lastKnownFileType = sourcecode.swift; path = AppDelegate.swift; sourceTree = "<group>"; };
		4AC2D5B929717B860058C360 /* SceneDelegate.swift */ = {isa = PBXFileReference; lastKnownFileType = sourcecode.swift; path = SceneDelegate.swift; sourceTree = "<group>"; };
		4AC2D5C029717B870058C360 /* Assets.xcassets */ = {isa = PBXFileReference; lastKnownFileType = folder.assetcatalog; path = Assets.xcassets; sourceTree = "<group>"; };
		4AC2D5C329717B870058C360 /* Base */ = {isa = PBXFileReference; lastKnownFileType = file.storyboard; name = Base; path = Base.lproj/LaunchScreen.storyboard; sourceTree = "<group>"; };
		4AC2D5C529717B870058C360 /* Info.plist */ = {isa = PBXFileReference; lastKnownFileType = text.plist.xml; path = Info.plist; sourceTree = "<group>"; };
		4AC2D5CC29717BC30058C360 /* Article.swift */ = {isa = PBXFileReference; lastKnownFileType = sourcecode.swift; path = Article.swift; sourceTree = "<group>"; };
		B50F83278A2E55C06C3CA81F /* Pods_NewsApp.framework */ = {isa = PBXFileReference; explicitFileType = wrapper.framework; includeInIndex = 0; path = Pods_NewsApp.framework; sourceTree = BUILT_PRODUCTS_DIR; };
/* End PBXFileReference section */

/* Begin PBXFrameworksBuildPhase section */
		4AC2D5B129717B860058C360 /* Frameworks */ = {
			isa = PBXFrameworksBuildPhase;
			buildActionMask = 2147483647;
			files = (
				2A01DDD0837CCD1E5A17B786 /* Pods_NewsApp.framework in Frameworks */,
			);
			runOnlyForDeploymentPostprocessing = 0;
		};
/* End PBXFrameworksBuildPhase section */

/* Begin PBXGroup section */
		4A810F9129717CFD00BC1BDF /* Extensions */ = {
			isa = PBXGroup;
			children = (
				4A810F9229717D1200BC1BDF /* URLRequest+Extensions.swift */,
			);
			path = Extensions;
			sourceTree = "<group>";
		};
		4A810F9429717E8200BC1BDF /* Utils */ = {
			isa = PBXGroup;
			children = (
				4A810F9529717E9000BC1BDF /* Extentions.swift */,
			);
			path = Utils;
			sourceTree = "<group>";
		};
		4A810F9729717F1700BC1BDF /* Controllers */ = {
			isa = PBXGroup;
			children = (
				4A810F9829717F2900BC1BDF /* NewsViewController.swift */,
				4A810FA52972688700BC1BDF /* DetailNewsViewController.swift */,
			);
			path = Controllers;
			sourceTree = "<group>";
		};
		4A810F9A2971802C00BC1BDF /* View Models */ = {
			isa = PBXGroup;
			children = (
				4A810F9D2971805C00BC1BDF /* ArticleViewModel.swift */,
			);
			path = "View Models";
			sourceTree = "<group>";
		};
		4A810F9F2971824E00BC1BDF /* Cells */ = {
			isa = PBXGroup;
			children = (
				4A810FA02971825F00BC1BDF /* ArticleTableViewCell.swift */,
			);
			path = Cells;
			sourceTree = "<group>";
		};
		4A810FA2297266F300BC1BDF /* Views */ = {
			isa = PBXGroup;
			children = (
			);
			path = Views;
			sourceTree = "<group>";
		};
		4AC2D5AB29717B860058C360 = {
			isa = PBXGroup;
			children = (
				4AC2D5B629717B860058C360 /* NewsApp */,
				4AC2D5B529717B860058C360 /* Products */,
				9F2E569ACBFC66CE5162C285 /* Pods */,
				C47626568A94C91AF3627EC7 /* Frameworks */,
			);
			sourceTree = "<group>";
		};
		4AC2D5B529717B860058C360 /* Products */ = {
			isa = PBXGroup;
			children = (
				4AC2D5B429717B860058C360 /* NewsApp.app */,
			);
			name = Products;
			sourceTree = "<group>";
		};
		4AC2D5B629717B860058C360 /* NewsApp */ = {
			isa = PBXGroup;
			children = (
				4A810FA2297266F300BC1BDF /* Views */,
				4A810F9F2971824E00BC1BDF /* Cells */,
				4A810F9A2971802C00BC1BDF /* View Models */,
				4A810F9729717F1700BC1BDF /* Controllers */,
				4A810F9429717E8200BC1BDF /* Utils */,
				4A810F9129717CFD00BC1BDF /* Extensions */,
				4AC2D5CB29717BB40058C360 /* Models */,
				4AC2D5B729717B860058C360 /* AppDelegate.swift */,
				4AC2D5B929717B860058C360 /* SceneDelegate.swift */,
				4AC2D5C029717B870058C360 /* Assets.xcassets */,
				4AC2D5C229717B870058C360 /* LaunchScreen.storyboard */,
				4AC2D5C529717B870058C360 /* Info.plist */,
			);
			path = NewsApp;
			sourceTree = "<group>";
		};
		4AC2D5CB29717BB40058C360 /* Models */ = {
			isa = PBXGroup;
			children = (
				4AC2D5CC29717BC30058C360 /* Article.swift */,
			);
			path = Models;
			sourceTree = "<group>";
		};
		9F2E569ACBFC66CE5162C285 /* Pods */ = {
			isa = PBXGroup;
			children = (
				2E22E174556D3E1E97145F23 /* Pods-NewsApp.debug.xcconfig */,
				226F48B73878BD26400DED6B /* Pods-NewsApp.release.xcconfig */,
			);
			path = Pods;
			sourceTree = "<group>";
		};
		C47626568A94C91AF3627EC7 /* Frameworks */ = {
			isa = PBXGroup;
			children = (
				B50F83278A2E55C06C3CA81F /* Pods_NewsApp.framework */,
			);
			name = Frameworks;
			sourceTree = "<group>";
		};
/* End PBXGroup section */

/* Begin PBXNativeTarget section */
		4AC2D5B329717B860058C360 /* NewsApp */ = {
			isa = PBXNativeTarget;
			buildConfigurationList = 4AC2D5C829717B870058C360 /* Build configuration list for PBXNativeTarget "NewsApp" */;
			buildPhases = (
				EE16FA62ED9CFE5D85A3076E /* [CP] Check Pods Manifest.lock */,
				4AC2D5B029717B860058C360 /* Sources */,
				4AC2D5B129717B860058C360 /* Frameworks */,
				4AC2D5B229717B860058C360 /* Resources */,
				B0F63B1B955F1FE38E3048FA /* [CP] Embed Pods Frameworks */,
			);
			buildRules = (
			);
			dependencies = (
			);
			name = NewsApp;
			productName = NewsApp;
			productReference = 4AC2D5B429717B860058C360 /* NewsApp.app */;
			productType = "com.apple.product-type.application";
		};
/* End PBXNativeTarget section */

/* Begin PBXProject section */
		4AC2D5AC29717B860058C360 /* Project object */ = {
			isa = PBXProject;
			attributes = {
				BuildIndependentTargetsInParallel = 1;
				LastSwiftUpdateCheck = 1420;
				LastUpgradeCheck = 1420;
				TargetAttributes = {
					4AC2D5B329717B860058C360 = {
						CreatedOnToolsVersion = 14.2;
					};
				};
			};
			buildConfigurationList = 4AC2D5AF29717B860058C360 /* Build configuration list for PBXProject "NewsApp" */;
			compatibilityVersion = "Xcode 13.0";
			developmentRegion = en;
			hasScannedForEncodings = 0;
			knownRegions = (
				en,
				Base,
			);
			mainGroup = 4AC2D5AB29717B860058C360;
			productRefGroup = 4AC2D5B529717B860058C360 /* Products */;
			projectDirPath = "";
			projectRoot = "";
			targets = (
				4AC2D5B329717B860058C360 /* NewsApp */,
			);
		};
/* End PBXProject section */

/* Begin PBXResourcesBuildPhase section */
		4AC2D5B229717B860058C360 /* Resources */ = {
			isa = PBXResourcesBuildPhase;
			buildActionMask = 2147483647;
			files = (
				4AC2D5C429717B870058C360 /* LaunchScreen.storyboard in Resources */,
				4AC2D5C129717B870058C360 /* Assets.xcassets in Resources */,
			);
			runOnlyForDeploymentPostprocessing = 0;
		};
/* End PBXResourcesBuildPhase section */

/* Begin PBXShellScriptBuildPhase section */
		B0F63B1B955F1FE38E3048FA /* [CP] Embed Pods Frameworks */ = {
			isa = PBXShellScriptBuildPhase;
			buildActionMask = 2147483647;
			files = (
			);
			inputFileListPaths = (
				"${PODS_ROOT}/Target Support Files/Pods-NewsApp/Pods-NewsApp-frameworks-${CONFIGURATION}-input-files.xcfilelist",
			);
			name = "[CP] Embed Pods Frameworks";
			outputFileListPaths = (
				"${PODS_ROOT}/Target Support Files/Pods-NewsApp/Pods-NewsApp-frameworks-${CONFIGURATION}-output-files.xcfilelist",
			);
			runOnlyForDeploymentPostprocessing = 0;
			shellPath = /bin/sh;
			shellScript = "\"${PODS_ROOT}/Target Support Files/Pods-NewsApp/Pods-NewsApp-frameworks.sh\"\n";
			showEnvVarsInLog = 0;
		};
		EE16FA62ED9CFE5D85A3076E /* [CP] Check Pods Manifest.lock */ = {
			isa = PBXShellScriptBuildPhase;
			buildActionMask = 2147483647;
			files = (
			);
			inputFileListPaths = (
			);
			inputPaths = (
				"${PODS_PODFILE_DIR_PATH}/Podfile.lock",
				"${PODS_ROOT}/Manifest.lock",
			);
			name = "[CP] Check Pods Manifest.lock";
			outputFileListPaths = (
			);
			outputPaths = (
				"$(DERIVED_FILE_DIR)/Pods-NewsApp-checkManifestLockResult.txt",
			);
			runOnlyForDeploymentPostprocessing = 0;
			shellPath = /bin/sh;
			shellScript = "diff \"${PODS_PODFILE_DIR_PATH}/Podfile.lock\" \"${PODS_ROOT}/Manifest.lock\" > /dev/null\nif [ $? != 0 ] ; then\n    # print error to STDERR\n    echo \"error: The sandbox is not in sync with the Podfile.lock. Run 'pod install' or update your CocoaPods installation.\" >&2\n    exit 1\nfi\n# This output is used by Xcode 'outputs' to avoid re-running this script phase.\necho \"SUCCESS\" > \"${SCRIPT_OUTPUT_FILE_0}\"\n";
			showEnvVarsInLog = 0;
		};
/* End PBXShellScriptBuildPhase section */

/* Begin PBXSourcesBuildPhase section */
		4AC2D5B029717B860058C360 /* Sources */ = {
			isa = PBXSourcesBuildPhase;
			buildActionMask = 2147483647;
			files = (
				4AC2D5B829717B860058C360 /* AppDelegate.swift in Sources */,
				4A810FA62972688700BC1BDF /* DetailNewsViewController.swift in Sources */,
				4AC2D5BA29717B860058C360 /* SceneDelegate.swift in Sources */,
				4A810F9629717E9000BC1BDF /* Extentions.swift in Sources */,
				4A810F9929717F2900BC1BDF /* NewsViewController.swift in Sources */,
				4A810FA12971825F00BC1BDF /* ArticleTableViewCell.swift in Sources */,
				4AC2D5CD29717BC30058C360 /* Article.swift in Sources */,
				4A810F9E2971805C00BC1BDF /* ArticleViewModel.swift in Sources */,
				4A810F9329717D1200BC1BDF /* URLRequest+Extensions.swift in Sources */,
			);
			runOnlyForDeploymentPostprocessing = 0;
		};
/* End PBXSourcesBuildPhase section */

/* Begin PBXVariantGroup section */
		4AC2D5C229717B870058C360 /* LaunchScreen.storyboard */ = {
			isa = PBXVariantGroup;
			children = (
				4AC2D5C329717B870058C360 /* Base */,
			);
			name = LaunchScreen.storyboard;
			sourceTree = "<group>";
		};
/* End PBXVariantGroup section */

/* Begin XCBuildConfiguration section */
		4AC2D5C629717B870058C360 /* Debug */ = {
			isa = XCBuildConfiguration;
			buildSettings = {
				ALWAYS_SEARCH_USER_PATHS = NO;
				CLANG_ANALYZER_NONNULL = YES;
				CLANG_ANALYZER_NUMBER_OBJECT_CONVERSION = YES_AGGRESSIVE;
				CLANG_CXX_LANGUAGE_STANDARD = "gnu++20";
				CLANG_ENABLE_MODULES = YES;
				CLANG_ENABLE_OBJC_ARC = YES;
				CLANG_ENABLE_OBJC_WEAK = YES;
				CLANG_WARN_BLOCK_CAPTURE_AUTORELEASING = YES;
				CLANG_WARN_BOOL_CONVERSION = YES;
				CLANG_WARN_COMMA = YES;
				CLANG_WARN_CONSTANT_CONVERSION = YES;
				CLANG_WARN_DEPRECATED_OBJC_IMPLEMENTATIONS = YES;
				CLANG_WARN_DIRECT_OBJC_ISA_USAGE = YES_ERROR;
				CLANG_WARN_DOCUMENTATION_COMMENTS = YES;
				CLANG_WARN_EMPTY_BODY = YES;
				CLANG_WARN_ENUM_CONVERSION = YES;
				CLANG_WARN_INFINITE_RECURSION = YES;
				CLANG_WARN_INT_CONVERSION = YES;
				CLANG_WARN_NON_LITERAL_NULL_CONVERSION = YES;
				CLANG_WARN_OBJC_IMPLICIT_RETAIN_SELF = YES;
				CLANG_WARN_OBJC_LITERAL_CONVERSION = YES;
				CLANG_WARN_OBJC_ROOT_CLASS = YES_ERROR;
				CLANG_WARN_QUOTED_INCLUDE_IN_FRAMEWORK_HEADER = YES;
				CLANG_WARN_RANGE_LOOP_ANALYSIS = YES;
				CLANG_WARN_STRICT_PROTOTYPES = YES;
				CLANG_WARN_SUSPICIOUS_MOVE = YES;
				CLANG_WARN_UNGUARDED_AVAILABILITY = YES_AGGRESSIVE;
				CLANG_WARN_UNREACHABLE_CODE = YES;
				CLANG_WARN__DUPLICATE_METHOD_MATCH = YES;
				COPY_PHASE_STRIP = NO;
				DEBUG_INFORMATION_FORMAT = dwarf;
				ENABLE_STRICT_OBJC_MSGSEND = YES;
				ENABLE_TESTABILITY = YES;
				GCC_C_LANGUAGE_STANDARD = gnu11;
				GCC_DYNAMIC_NO_PIC = NO;
				GCC_NO_COMMON_BLOCKS = YES;
				GCC_OPTIMIZATION_LEVEL = 0;
				GCC_PREPROCESSOR_DEFINITIONS = (
					"DEBUG=1",
					"$(inherited)",
				);
				GCC_WARN_64_TO_32_BIT_CONVERSION = YES;
				GCC_WARN_ABOUT_RETURN_TYPE = YES_ERROR;
				GCC_WARN_UNDECLARED_SELECTOR = YES;
				GCC_WARN_UNINITIALIZED_AUTOS = YES_AGGRESSIVE;
				GCC_WARN_UNUSED_FUNCTION = YES;
				GCC_WARN_UNUSED_VARIABLE = YES;
				IPHONEOS_DEPLOYMENT_TARGET = 16.2;
				MTL_ENABLE_DEBUG_INFO = INCLUDE_SOURCE;
				MTL_FAST_MATH = YES;
				ONLY_ACTIVE_ARCH = YES;
				SDKROOT = iphoneos;
				SWIFT_ACTIVE_COMPILATION_CONDITIONS = DEBUG;
				SWIFT_OPTIMIZATION_LEVEL = "-Onone";
			};
			name = Debug;
		};
		4AC2D5C729717B870058C360 /* Release */ = {
			isa = XCBuildConfiguration;
			buildSettings = {
				ALWAYS_SEARCH_USER_PATHS = NO;
				CLANG_ANALYZER_NONNULL = YES;
				CLANG_ANALYZER_NUMBER_OBJECT_CONVERSION = YES_AGGRESSIVE;
				CLANG_CXX_LANGUAGE_STANDARD = "gnu++20";
				CLANG_ENABLE_MODULES = YES;
				CLANG_ENABLE_OBJC_ARC = YES;
				CLANG_ENABLE_OBJC_WEAK = YES;
				CLANG_WARN_BLOCK_CAPTURE_AUTORELEASING = YES;
				CLANG_WARN_BOOL_CONVERSION = YES;
				CLANG_WARN_COMMA = YES;
				CLANG_WARN_CONSTANT_CONVERSION = YES;
				CLANG_WARN_DEPRECATED_OBJC_IMPLEMENTATIONS = YES;
				CLANG_WARN_DIRECT_OBJC_ISA_USAGE = YES_ERROR;
				CLANG_WARN_DOCUMENTATION_COMMENTS = YES;
				CLANG_WARN_EMPTY_BODY = YES;
				CLANG_WARN_ENUM_CONVERSION = YES;
				CLANG_WARN_INFINITE_RECURSION = YES;
				CLANG_WARN_INT_CONVERSION = YES;
				CLANG_WARN_NON_LITERAL_NULL_CONVERSION = YES;
				CLANG_WARN_OBJC_IMPLICIT_RETAIN_SELF = YES;
				CLANG_WARN_OBJC_LITERAL_CONVERSION = YES;
				CLANG_WARN_OBJC_ROOT_CLASS = YES_ERROR;
				CLANG_WARN_QUOTED_INCLUDE_IN_FRAMEWORK_HEADER = YES;
				CLANG_WARN_RANGE_LOOP_ANALYSIS = YES;
				CLANG_WARN_STRICT_PROTOTYPES = YES;
				CLANG_WARN_SUSPICIOUS_MOVE = YES;
				CLANG_WARN_UNGUARDED_AVAILABILITY = YES_AGGRESSIVE;
				CLANG_WARN_UNREACHABLE_CODE = YES;
				CLANG_WARN__DUPLICATE_METHOD_MATCH = YES;
				COPY_PHASE_STRIP = NO;
				DEBUG_INFORMATION_FORMAT = "dwarf-with-dsym";
				ENABLE_NS_ASSERTIONS = NO;
				ENABLE_STRICT_OBJC_MSGSEND = YES;
				GCC_C_LANGUAGE_STANDARD = gnu11;
				GCC_NO_COMMON_BLOCKS = YES;
				GCC_WARN_64_TO_32_BIT_CONVERSION = YES;
				GCC_WARN_ABOUT_RETURN_TYPE = YES_ERROR;
				GCC_WARN_UNDECLARED_SELECTOR = YES;
				GCC_WARN_UNINITIALIZED_AUTOS = YES_AGGRESSIVE;
				GCC_WARN_UNUSED_FUNCTION = YES;
				GCC_WARN_UNUSED_VARIABLE = YES;
				IPHONEOS_DEPLOYMENT_TARGET = 16.2;
				MTL_ENABLE_DEBUG_INFO = NO;
				MTL_FAST_MATH = YES;
				SDKROOT = iphoneos;
				SWIFT_COMPILATION_MODE = wholemodule;
				SWIFT_OPTIMIZATION_LEVEL = "-O";
				VALIDATE_PRODUCT = YES;
			};
			name = Release;
		};
		4AC2D5C929717B870058C360 /* Debug */ = {
			isa = XCBuildConfiguration;
			baseConfigurationReference = 2E22E174556D3E1E97145F23 /* Pods-NewsApp.debug.xcconfig */;
			buildSettings = {
				ASSETCATALOG_COMPILER_APPICON_NAME = AppIcon;
				ASSETCATALOG_COMPILER_GLOBAL_ACCENT_COLOR_NAME = AccentColor;
				CODE_SIGN_STYLE = Automatic;
				CURRENT_PROJECT_VERSION = 1;
				DEVELOPMENT_TEAM = KR56UH6MNG;
				GENERATE_INFOPLIST_FILE = YES;
				INFOPLIST_FILE = NewsApp/Info.plist;
				INFOPLIST_KEY_UIApplicationSupportsIndirectInputEvents = YES;
				INFOPLIST_KEY_UILaunchStoryboardName = LaunchScreen;
				INFOPLIST_KEY_UISupportedInterfaceOrientations_iPad = "UIInterfaceOrientationPortrait UIInterfaceOrientationPortraitUpsideDown UIInterfaceOrientationLandscapeLeft UIInterfaceOrientationLandscapeRight";
				INFOPLIST_KEY_UISupportedInterfaceOrientations_iPhone = "UIInterfaceOrientationPortrait UIInterfaceOrientationLandscapeLeft UIInterfaceOrientationLandscapeRight";
				LD_RUNPATH_SEARCH_PATHS = (
					"$(inherited)",
					"@executable_path/Frameworks",
				);
				MARKETING_VERSION = 1.0;
				PRODUCT_BUNDLE_IDENTIFIER = com.AppleDeveloperAcademy.NewsApp;
				PRODUCT_NAME = "$(TARGET_NAME)";
				SWIFT_EMIT_LOC_STRINGS = YES;
				SWIFT_VERSION = 5.0;
				TARGETED_DEVICE_FAMILY = "1,2";
			};
			name = Debug;
		};
		4AC2D5CA29717B870058C360 /* Release */ = {
			isa = XCBuildConfiguration;
			baseConfigurationReference = 226F48B73878BD26400DED6B /* Pods-NewsApp.release.xcconfig */;
			buildSettings = {
				ASSETCATALOG_COMPILER_APPICON_NAME = AppIcon;
				ASSETCATALOG_COMPILER_GLOBAL_ACCENT_COLOR_NAME = AccentColor;
				CODE_SIGN_STYLE = Automatic;
				CURRENT_PROJECT_VERSION = 1;
				DEVELOPMENT_TEAM = KR56UH6MNG;
				GENERATE_INFOPLIST_FILE = YES;
				INFOPLIST_FILE = NewsApp/Info.plist;
				INFOPLIST_KEY_UIApplicationSupportsIndirectInputEvents = YES;
				INFOPLIST_KEY_UILaunchStoryboardName = LaunchScreen;
				INFOPLIST_KEY_UISupportedInterfaceOrientations_iPad = "UIInterfaceOrientationPortrait UIInterfaceOrientationPortraitUpsideDown UIInterfaceOrientationLandscapeLeft UIInterfaceOrientationLandscapeRight";
				INFOPLIST_KEY_UISupportedInterfaceOrientations_iPhone = "UIInterfaceOrientationPortrait UIInterfaceOrientationLandscapeLeft UIInterfaceOrientationLandscapeRight";
				LD_RUNPATH_SEARCH_PATHS = (
					"$(inherited)",
					"@executable_path/Frameworks",
				);
				MARKETING_VERSION = 1.0;
				PRODUCT_BUNDLE_IDENTIFIER = com.AppleDeveloperAcademy.NewsApp;
				PRODUCT_NAME = "$(TARGET_NAME)";
				SWIFT_EMIT_LOC_STRINGS = YES;
				SWIFT_VERSION = 5.0;
				TARGETED_DEVICE_FAMILY = "1,2";
			};
			name = Release;
		};
/* End XCBuildConfiguration section */

/* Begin XCConfigurationList section */
		4AC2D5AF29717B860058C360 /* Build configuration list for PBXProject "NewsApp" */ = {
			isa = XCConfigurationList;
			buildConfigurations = (
				4AC2D5C629717B870058C360 /* Debug */,
				4AC2D5C729717B870058C360 /* Release */,
			);
			defaultConfigurationIsVisible = 0;
			defaultConfigurationName = Release;
		};
		4AC2D5C829717B870058C360 /* Build configuration list for PBXNativeTarget "NewsApp" */ = {
			isa = XCConfigurationList;
			buildConfigurations = (
				4AC2D5C929717B870058C360 /* Debug */,
				4AC2D5CA29717B870058C360 /* Release */,
			);
			defaultConfigurationIsVisible = 0;
			defaultConfigurationName = Release;
		};
/* End XCConfigurationList section */
	};
	rootObject = 4AC2D5AC29717B860058C360 /* Project object */;
}
